
Microsoft Visual Studio Solution File, Format Version 12.00
# Visual Studio Version 17
VisualStudioVersion = 17.4.33110.190
MinimumVisualStudioVersion = 10.0.40219.1
Project("{FAE04EC0-301F-11D3-BF4B-00C04F79EFBC}") = "CreateProcessAsUser.Client", "CreateProcessAsUser.Client.csproj", "{E8F573E5-1F59-4C85-8A22-9A390F3DE733}"
EndProject
Project("{FAE04EC0-301F-11D3-BF4B-00C04F79EFBC}") = "CreateProcessAsUser.Client.Tests", "..\CreateProcessAsUser.Client.Tests\CreateProcessAsUser.Client.Tests.csproj", "{689B29C0-95EC-4861-86C1-5FF0375F5DD7}"
EndProject
Project("{9A19103F-16F7-4668-BE54-9A1E7A4F7556}") = "CreateProcessAsUser.Shared", "..\CreateProcessAsUser.Shared\CreateProcessAsUser.Shared.csproj", "{614010A7-F64C-405D-A4FF-CF99C6FF9374}"
EndProject
Global
	GlobalSection(SolutionConfigurationPlatforms) = preSolution
		Debug|Any CPU = Debug|Any CPU
		Release|Any CPU = Release|Any CPU
	EndGlobalSection
	GlobalSection(ProjectConfigurationPlatforms) = postSolution
		{E8F573E5-1F59-4C85-8A22-9A390F3DE733}.Debug|Any CPU.ActiveCfg = Debug|Any CPU
		{E8F573E5-1F59-4C85-8A22-9A390F3DE733}.Debug|Any CPU.Build.0 = Debug|Any CPU
		{E8F573E5-1F59-4C85-8A22-9A390F3DE733}.Release|Any CPU.ActiveCfg = Release|Any CPU
		{E8F573E5-1F59-4C85-8A22-9A390F3DE733}.Release|Any CPU.Build.0 = Release|Any CPU
		{689B29C0-95EC-4861-86C1-5FF0375F5DD7}.Debug|Any CPU.ActiveCfg = Debug|Any CPU
		{689B29C0-95EC-4861-86C1-5FF0375F5DD7}.Debug|Any CPU.Build.0 = Debug|Any CPU
		{689B29C0-95EC-4861-86C1-5FF0375F5DD7}.Release|Any CPU.ActiveCfg = Release|Any CPU
		{689B29C0-95EC-4861-86C1-5FF0375F5DD7}.Release|Any CPU.Build.0 = Release|Any CPU
		{614010A7-F64C-405D-A4FF-CF99C6FF9374}.Debug|Any CPU.ActiveCfg = Debug|Any CPU
		{614010A7-F64C-405D-A4FF-CF99C6FF9374}.Debug|Any CPU.Build.0 = Debug|Any CPU
		{614010A7-F64C-405D-A4FF-CF99C6FF9374}.Release|Any CPU.ActiveCfg = Release|Any CPU
		{614010A7-F64C-405D-A4FF-CF99C6FF9374}.Release|Any CPU.Build.0 = Release|Any CPU
	EndGlobalSection
	GlobalSection(SolutionProperties) = preSolution
		HideSolutionNode = FALSE
	EndGlobalSection
	GlobalSection(ExtensibilityGlobals) = postSolution
		SolutionGuid = {E6CF304A-362B-4D78-B75D-31AF9327E090}
	EndGlobalSection
EndGlobal
